{
	"requires": true,
	"lockfileVersion": 1,
	"dependencies": {
		"@material/auto-init": {
			"version": "0.39.0",
			"resolved": "https://registry.npmjs.org/@material/auto-init/-/auto-init-0.39.0.tgz",
			"integrity": "sha512-rh/YbGupzHiY9b3V/KFBzoEKcBCY8KDXQZNnNFZwP3fwDaaU6pSbVwg5jKfR6QfrQZF7AetdCYJj0p5UKDcvnA=="
		},
		"@material/typography": {
			"version": "0.39.0",
			"resolved": "https://registry.npmjs.org/@material/typography/-/typography-0.39.0.tgz",
			"integrity": "sha512-S7YTR2mXuAaPvsgX6jyT1YvWQhH2xHWi+SKJvlunoF/Dw6vq6Ud+APmqigHVRPNCcFt4zkbM7C64IxYjjkIApQ=="
		}
	}
}
