{
	"requires": true,
	"lockfileVersion": 1,
	"dependencies": {
		"@material/base": {
			"version": "0.39.0",
			"resolved": "https://registry.npmjs.org/@material/base/-/base-0.39.0.tgz",
			"integrity": "sha512-B+vMqnOR2JU2dzv/5UPKQUAZAj739pMkJkt3Zy7sJaQnw3j8wTKxiUMUhd9ZHaPx1FBlUNMn2PwOq8YZIn0svA=="
		}
	}
}
